
Microsoft Visual Studio Solution File, Format Version 12.00
# Visual Studio Version 17
VisualStudioVersion = 17.14.37216.2
MinimumVisualStudioVersion = 10.0.40219.1
Project("{FAE04EC0-301F-11D3-BF4B-00C04F79EFBC}") = "PharmacyInventoryAPI", "PharmacyInventoryAPI.csproj", "{F7B65727-0D69-46F1-B3D6-D29C2B38A31B}"
EndProject
Project("{FAE04EC0-301F-11D3-BF4B-00C04F79EFBC}") = "PharmacyInventoryAPI.Tests", "..\PharmacyInventoryAPI.Tests\PharmacyInventoryAPI.Tests.csproj", "{BDEAF059-607F-4056-BF13-A66BADF11D77}"
EndProject
Project("{2150E333-8FDC-42A3-9474-1A3956D46DE8}") = "Solution Items", "Solution Items", "{8EC462FD-D22E-90A8-E5CE-7E832BA40C5D}"
	ProjectSection(SolutionItems) = preProject
		signalr-test.html = signalr-test.html
	EndProjectSection
EndProject
Global
	GlobalSection(SolutionConfigurationPlatforms) = preSolution
		Debug|Any CPU = Debug|Any CPU
		Release|Any CPU = Release|Any CPU
	EndGlobalSection
	GlobalSection(ProjectConfigurationPlatforms) = postSolution
		{F7B65727-0D69-46F1-B3D6-D29C2B38A31B}.Debug|Any CPU.ActiveCfg = Debug|Any CPU
		{F7B65727-0D69-46F1-B3D6-D29C2B38A31B}.Debug|Any CPU.Build.0 = Debug|Any CPU
		{F7B65727-0D69-46F1-B3D6-D29C2B38A31B}.Release|Any CPU.ActiveCfg = Release|Any CPU
		{F7B65727-0D69-46F1-B3D6-D29C2B38A31B}.Release|Any CPU.Build.0 = Release|Any CPU
		{BDEAF059-607F-4056-BF13-A66BADF11D77}.Debug|Any CPU.ActiveCfg = Debug|Any CPU
		{BDEAF059-607F-4056-BF13-A66BADF11D77}.Debug|Any CPU.Build.0 = Debug|Any CPU
		{BDEAF059-607F-4056-BF13-A66BADF11D77}.Release|Any CPU.ActiveCfg = Release|Any CPU
		{BDEAF059-607F-4056-BF13-A66BADF11D77}.Release|Any CPU.Build.0 = Release|Any CPU
	EndGlobalSection
	GlobalSection(SolutionProperties) = preSolution
		HideSolutionNode = FALSE
	EndGlobalSection
	GlobalSection(ExtensibilityGlobals) = postSolution
		SolutionGuid = {6B8EAB0B-A1EE-4F64-9808-FA33AB773CCD}
	EndGlobalSection
EndGlobal
